
Microsoft Visual Studio Solution File, Format Version 12.00
# Visual Studio 2012
Project("{F184B08F-C81C-45F6-A57F-5ABD9991F28F}") = "Exp12_1", "Exp12_1\Exp12_1.vbproj", "{6D263E57-6901-416E-8F2C-E25CC567539E}"
EndProject
Global
	GlobalSection(SolutionConfigurationPlatforms) = preSolution
		Debug|Any CPU = Debug|Any CPU
		Release|Any CPU = Release|Any CPU
	EndGlobalSection
	GlobalSection(ProjectConfigurationPlatforms) = postSolution
		{6D263E57-6901-416E-8F2C-E25CC567539E}.Debug|Any CPU.ActiveCfg = Debug|Any CPU
		{6D263E57-6901-416E-8F2C-E25CC567539E}.Debug|Any CPU.Build.0 = Debug|Any CPU
		{6D263E57-6901-416E-8F2C-E25CC567539E}.Release|Any CPU.ActiveCfg = Release|Any CPU
		{6D263E57-6901-416E-8F2C-E25CC567539E}.Release|Any CPU.Build.0 = Release|Any CPU
	EndGlobalSection
	GlobalSection(SolutionProperties) = preSolution
		HideSolutionNode = FALSE
	EndGlobalSection
EndGlobal
