
Microsoft Visual Studio Solution File, Format Version 12.00
# Visual Studio 2012
Project("{F184B08F-C81C-45F6-A57F-5ABD9991F28F}") = "Exp11_2", "Exp11_2\Exp11_2.vbproj", "{BCC12627-44FF-4789-A612-4606CBD1F939}"
EndProject
Global
	GlobalSection(SolutionConfigurationPlatforms) = preSolution
		Debug|Any CPU = Debug|Any CPU
		Release|Any CPU = Release|Any CPU
	EndGlobalSection
	GlobalSection(ProjectConfigurationPlatforms) = postSolution
		{BCC12627-44FF-4789-A612-4606CBD1F939}.Debug|Any CPU.ActiveCfg = Debug|Any CPU
		{BCC12627-44FF-4789-A612-4606CBD1F939}.Debug|Any CPU.Build.0 = Debug|Any CPU
		{BCC12627-44FF-4789-A612-4606CBD1F939}.Release|Any CPU.ActiveCfg = Release|Any CPU
		{BCC12627-44FF-4789-A612-4606CBD1F939}.Release|Any CPU.Build.0 = Release|Any CPU
	EndGlobalSection
	GlobalSection(SolutionProperties) = preSolution
		HideSolutionNode = FALSE
	EndGlobalSection
EndGlobal
